// !$*UTF8*$!
{
	archiveVersion = 1;
	classes = {
	};
	objectVersion = 55;
	objects = {

/* Begin PBXBuildFile section */
		ED32182E2868A3C000A10617 /* AppDelegate.swift in Sources */ = {isa = PBXBuildFile; fileRef = ED32182D2868A3C000A10617 /* AppDelegate.swift */; };
		ED3218302868A3C000A10617 /* SceneDelegate.swift in Sources */ = {isa = PBXBuildFile; fileRef = ED32182F2868A3C000A10617 /* SceneDelegate.swift */; };
		ED3218322868A3C000A10617 /* ViewController.swift in Sources */ = {isa = PBXBuildFile; fileRef = ED3218312868A3C000A10617 /* ViewController.swift */; };
		ED3218352868A3C000A10617 /* Main.storyboard in Resources */ = {isa = PBXBuildFile; fileRef = ED3218332868A3C000A10617 /* Main.storyboard */; };
		ED3218372868A3C200A10617 /* Assets.xcassets in Resources */ = {isa = PBXBuildFile; fileRef = ED3218362868A3C200A10617 /* Assets.xcassets */; };
		ED32183A2868A3C200A10617 /* LaunchScreen.storyboard in Resources */ = {isa = PBXBuildFile; fileRef = ED3218382868A3C200A10617 /* LaunchScreen.storyboard */; };
		ED3218452868A3C200A10617 /* TVShowsTests.swift in Sources */ = {isa = PBXBuildFile; fileRef = ED3218442868A3C200A10617 /* TVShowsTests.swift */; };
		ED32184F2868A3C200A10617 /* TVShowsUITests.swift in Sources */ = {isa = PBXBuildFile; fileRef = ED32184E2868A3C200A10617 /* TVShowsUITests.swift */; };
		ED3218512868A3C200A10617 /* TVShowsUITestsLaunchTests.swift in Sources */ = {isa = PBXBuildFile; fileRef = ED3218502868A3C200A10617 /* TVShowsUITestsLaunchTests.swift */; };
/* End PBXBuildFile section */

/* Begin PBXContainerItemProxy section */
		ED3218412868A3C200A10617 /* PBXContainerItemProxy */ = {
			isa = PBXContainerItemProxy;
			containerPortal = ED3218222868A3C000A10617 /* Project object */;
			proxyType = 1;
			remoteGlobalIDString = ED3218292868A3C000A10617;
			remoteInfo = TVShows;
		};
		ED32184B2868A3C200A10617 /* PBXContainerItemProxy */ = {
			isa = PBXContainerItemProxy;
			containerPortal = ED3218222868A3C000A10617 /* Project object */;
			proxyType = 1;
			remoteGlobalIDString = ED3218292868A3C000A10617;
			remoteInfo = TVShows;
		};
/* End PBXContainerItemProxy section */

/* Begin PBXFileReference section */
		ED32182A2868A3C000A10617 /* TVShows.app */ = {isa = PBXFileReference; explicitFileType = wrapper.application; includeInIndex = 0; path = TVShows.app; sourceTree = BUILT_PRODUCTS_DIR; };
		ED32182D2868A3C000A10617 /* AppDelegate.swift */ = {isa = PBXFileReference; lastKnownFileType = sourcecode.swift; path = AppDelegate.swift; sourceTree = "<group>"; };
		ED32182F2868A3C000A10617 /* SceneDelegate.swift */ = {isa = PBXFileReference; lastKnownFileType = sourcecode.swift; path = SceneDelegate.swift; sourceTree = "<group>"; };
		ED3218312868A3C000A10617 /* ViewController.swift */ = {isa = PBXFileReference; lastKnownFileType = sourcecode.swift; path = ViewController.swift; sourceTree = "<group>"; };
		ED3218342868A3C000A10617 /* Base */ = {isa = PBXFileReference; lastKnownFileType = file.storyboard; name = Base; path = Base.lproj/Main.storyboard; sourceTree = "<group>"; };
		ED3218362868A3C200A10617 /* Assets.xcassets */ = {isa = PBXFileReference; lastKnownFileType = folder.assetcatalog; path = Assets.xcassets; sourceTree = "<group>"; };
		ED3218392868A3C200A10617 /* Base */ = {isa = PBXFileReference; lastKnownFileType = file.storyboard; name = Base; path = Base.lproj/LaunchScreen.storyboard; sourceTree = "<group>"; };
		ED32183B2868A3C200A10617 /* Info.plist */ = {isa = PBXFileReference; lastKnownFileType = text.plist.xml; path = Info.plist; sourceTree = "<group>"; };
		ED3218402868A3C200A10617 /* TVShowsTests.xctest */ = {isa = PBXFileReference; explicitFileType = wrapper.cfbundle; includeInIndex = 0; path = TVShowsTests.xctest; sourceTree = BUILT_PRODUCTS_DIR; };
		ED3218442868A3C200A10617 /* TVShowsTests.swift */ = {isa = PBXFileReference; lastKnownFileType = sourcecode.swift; path = TVShowsTests.swift; sourceTree = "<group>"; };
		ED32184A2868A3C200A10617 /* TVShowsUITests.xctest */ = {isa = PBXFileReference; explicitFileType = wrapper.cfbundle; includeInIndex = 0; path = TVShowsUITests.xctest; sourceTree = BUILT_PRODUCTS_DIR; };
		ED32184E2868A3C200A10617 /* TVShowsUITests.swift */ = {isa = PBXFileReference; lastKnownFileType = sourcecode.swift; path = TVShowsUITests.swift; sourceTree = "<group>"; };
		ED3218502868A3C200A10617 /* TVShowsUITestsLaunchTests.swift */ = {isa = PBXFileReference; lastKnownFileType = sourcecode.swift; path = TVShowsUITestsLaunchTests.swift; sourceTree = "<group>"; };
/* End PBXFileReference section */

/* Begin PBXFrameworksBuildPhase section */
		ED3218272868A3C000A10617 /* Frameworks */ = {
			isa = PBXFrameworksBuildPhase;
			buildActionMask = 2147483647;
			files = (
			);
			runOnlyForDeploymentPostprocessing = 0;
		};
		ED32183D2868A3C200A10617 /* Frameworks */ = {
			isa = PBXFrameworksBuildPhase;
			buildActionMask = 2147483647;
			files = (
			);
			runOnlyForDeploymentPostprocessing = 0;
		};
		ED3218472868A3C200A10617 /* Frameworks */ = {
			isa = PBXFrameworksBuildPhase;
			buildActionMask = 2147483647;
			files = (
			);
			runOnlyForDeploymentPostprocessing = 0;
		};
/* End PBXFrameworksBuildPhase section */

/* Begin PBXGroup section */
		ED3218212868A3C000A10617 = {
			isa = PBXGroup;
			children = (
				ED32182C2868A3C000A10617 /* TVShows */,
				ED3218432868A3C200A10617 /* TVShowsTests */,
				ED32184D2868A3C200A10617 /* TVShowsUITests */,
				ED32182B2868A3C000A10617 /* Products */,
			);
			sourceTree = "<group>";
		};
		ED32182B2868A3C000A10617 /* Products */ = {
			isa = PBXGroup;
			children = (
				ED32182A2868A3C000A10617 /* TVShows.app */,
				ED3218402868A3C200A10617 /* TVShowsTests.xctest */,
				ED32184A2868A3C200A10617 /* TVShowsUITests.xctest */,
			);
			name = Products;
			sourceTree = "<group>";
		};
		ED32182C2868A3C000A10617 /* TVShows */ = {
			isa = PBXGroup;
			children = (
				ED32182D2868A3C000A10617 /* AppDelegate.swift */,
				ED32182F2868A3C000A10617 /* SceneDelegate.swift */,
				ED3218312868A3C000A10617 /* ViewController.swift */,
				ED3218332868A3C000A10617 /* Main.storyboard */,
				ED3218362868A3C200A10617 /* Assets.xcassets */,
				ED3218382868A3C200A10617 /* LaunchScreen.storyboard */,
				ED32183B2868A3C200A10617 /* Info.plist */,
			);
			path = TVShows;
			sourceTree = "<group>";
		};
		ED3218432868A3C200A10617 /* TVShowsTests */ = {
			isa = PBXGroup;
			children = (
				ED3218442868A3C200A10617 /* TVShowsTests.swift */,
			);
			path = TVShowsTests;
			sourceTree = "<group>";
		};
		ED32184D2868A3C200A10617 /* TVShowsUITests */ = {
			isa = PBXGroup;
			children = (
				ED32184E2868A3C200A10617 /* TVShowsUITests.swift */,
				ED3218502868A3C200A10617 /* TVShowsUITestsLaunchTests.swift */,
			);
			path = TVShowsUITests;
			sourceTree = "<group>";
		};
/* End PBXGroup section */

/* Begin PBXNativeTarget section */
		ED3218292868A3C000A10617 /* TVShows */ = {
			isa = PBXNativeTarget;
			buildConfigurationList = ED3218542868A3C200A10617 /* Build configuration list for PBXNativeTarget "TVShows" */;
			buildPhases = (
				ED3218262868A3C000A10617 /* Sources */,
				ED3218272868A3C000A10617 /* Frameworks */,
				ED3218282868A3C000A10617 /* Resources */,
			);
			buildRules = (
			);
			dependencies = (
			);
			name = TVShows;
			productName = TVShows;
			productReference = ED32182A2868A3C000A10617 /* TVShows.app */;
			productType = "com.apple.product-type.application";
		};
		ED32183F2868A3C200A10617 /* TVShowsTests */ = {
			isa = PBXNativeTarget;
			buildConfigurationList = ED3218572868A3C200A10617 /* Build configuration list for PBXNativeTarget "TVShowsTests" */;
			buildPhases = (
				ED32183C2868A3C200A10617 /* Sources */,
				ED32183D2868A3C200A10617 /* Frameworks */,
				ED32183E2868A3C200A10617 /* Resources */,
			);
			buildRules = (
			);
			dependencies = (
				ED3218422868A3C200A10617 /* PBXTargetDependency */,
			);
			name = TVShowsTests;
			productName = TVShowsTests;
			productReference = ED3218402868A3C200A10617 /* TVShowsTests.xctest */;
			productType = "com.apple.product-type.bundle.unit-test";
		};
		ED3218492868A3C200A10617 /* TVShowsUITests */ = {
			isa = PBXNativeTarget;
			buildConfigurationList = ED32185A2868A3C200A10617 /* Build configuration list for PBXNativeTarget "TVShowsUITests" */;
			buildPhases = (
				ED3218462868A3C200A10617 /* Sources */,
				ED3218472868A3C200A10617 /* Frameworks */,
				ED3218482868A3C200A10617 /* Resources */,
			);
			buildRules = (
			);
			dependencies = (
				ED32184C2868A3C200A10617 /* PBXTargetDependency */,
			);
			name = TVShowsUITests;
			productName = TVShowsUITests;
			productReference = ED32184A2868A3C200A10617 /* TVShowsUITests.xctest */;
			productType = "com.apple.product-type.bundle.ui-testing";
		};
/* End PBXNativeTarget section */

/* Begin PBXProject section */
		ED3218222868A3C000A10617 /* Project object */ = {
			isa = PBXProject;
			attributes = {
				BuildIndependentTargetsInParallel = 1;
				LastSwiftUpdateCheck = 1330;
				LastUpgradeCheck = 1330;
				TargetAttributes = {
					ED3218292868A3C000A10617 = {
						CreatedOnToolsVersion = 13.3;
					};
					ED32183F2868A3C200A10617 = {
						CreatedOnToolsVersion = 13.3;
						TestTargetID = ED3218292868A3C000A10617;
					};
					ED3218492868A3C200A10617 = {
						CreatedOnToolsVersion = 13.3;
						TestTargetID = ED3218292868A3C000A10617;
					};
				};
			};
			buildConfigurationList = ED3218252868A3C000A10617 /* Build configuration list for PBXProject "TVShows" */;
			compatibilityVersion = "Xcode 13.0";
			developmentRegion = en;
			hasScannedForEncodings = 0;
			knownRegions = (
				en,
				Base,
			);
			mainGroup = ED3218212868A3C000A10617;
			productRefGroup = ED32182B2868A3C000A10617 /* Products */;
			projectDirPath = "";
			projectRoot = "";
			targets = (
				ED3218292868A3C000A10617 /* TVShows */,
				ED32183F2868A3C200A10617 /* TVShowsTests */,
				ED3218492868A3C200A10617 /* TVShowsUITests */,
			);
		};
/* End PBXProject section */

/* Begin PBXResourcesBuildPhase section */
		ED3218282868A3C000A10617 /* Resources */ = {
			isa = PBXResourcesBuildPhase;
			buildActionMask = 2147483647;
			files = (
				ED32183A2868A3C200A10617 /* LaunchScreen.storyboard in Resources */,
				ED3218372868A3C200A10617 /* Assets.xcassets in Resources */,
				ED3218352868A3C000A10617 /* Main.storyboard in Resources */,
			);
			runOnlyForDeploymentPostprocessing = 0;
		};
		ED32183E2868A3C200A10617 /* Resources */ = {
			isa = PBXResourcesBuildPhase;
			buildActionMask = 2147483647;
			files = (
			);
			runOnlyForDeploymentPostprocessing = 0;
		};
		ED3218482868A3C200A10617 /* Resources */ = {
			isa = PBXResourcesBuildPhase;
			buildActionMask = 2147483647;
			files = (
			);
			runOnlyForDeploymentPostprocessing = 0;
		};
/* End PBXResourcesBuildPhase section */

/* Begin PBXSourcesBuildPhase section */
		ED3218262868A3C000A10617 /* Sources */ = {
			isa = PBXSourcesBuildPhase;
			buildActionMask = 2147483647;
			files = (
				ED3218322868A3C000A10617 /* ViewController.swift in Sources */,
				ED32182E2868A3C000A10617 /* AppDelegate.swift in Sources */,
				ED3218302868A3C000A10617 /* SceneDelegate.swift in Sources */,
			);
			runOnlyForDeploymentPostprocessing = 0;
		};
		ED32183C2868A3C200A10617 /* Sources */ = {
			isa = PBXSourcesBuildPhase;
			buildActionMask = 2147483647;
			files = (
				ED3218452868A3C200A10617 /* TVShowsTests.swift in Sources */,
			);
			runOnlyForDeploymentPostprocessing = 0;
		};
		ED3218462868A3C200A10617 /* Sources */ = {
			isa = PBXSourcesBuildPhase;
			buildActionMask = 2147483647;
			files = (
				ED32184F2868A3C200A10617 /* TVShowsUITests.swift in Sources */,
				ED3218512868A3C200A10617 /* TVShowsUITestsLaunchTests.swift in Sources */,
			);
			runOnlyForDeploymentPostprocessing = 0;
		};
/* End PBXSourcesBuildPhase section */

/* Begin PBXTargetDependency section */
		ED3218422868A3C200A10617 /* PBXTargetDependency */ = {
			isa = PBXTargetDependency;
			target = ED3218292868A3C000A10617 /* TVShows */;
			targetProxy = ED3218412868A3C200A10617 /* PBXContainerItemProxy */;
		};
		ED32184C2868A3C200A10617 /* PBXTargetDependency */ = {
			isa = PBXTargetDependency;
			target = ED3218292868A3C000A10617 /* TVShows */;
			targetProxy = ED32184B2868A3C200A10617 /* PBXContainerItemProxy */;
		};
/* End PBXTargetDependency section */

/* Begin PBXVariantGroup section */
		ED3218332868A3C000A10617 /* Main.storyboard */ = {
			isa = PBXVariantGroup;
			children = (
				ED3218342868A3C000A10617 /* Base */,
			);
			name = Main.storyboard;
			sourceTree = "<group>";
		};
		ED3218382868A3C200A10617 /* LaunchScreen.storyboard */ = {
			isa = PBXVariantGroup;
			children = (
				ED3218392868A3C200A10617 /* Base */,
			);
			name = LaunchScreen.storyboard;
			sourceTree = "<group>";
		};
/* End PBXVariantGroup section */

/* Begin XCBuildConfiguration section */
		ED3218522868A3C200A10617 /* Debug */ = {
			isa = XCBuildConfiguration;
			buildSettings = {
				ALWAYS_SEARCH_USER_PATHS = NO;
				CLANG_ANALYZER_NONNULL = YES;
				CLANG_ANALYZER_NUMBER_OBJECT_CONVERSION = YES_AGGRESSIVE;
				CLANG_CXX_LANGUAGE_STANDARD = "gnu++17";
				CLANG_ENABLE_MODULES = YES;
				CLANG_ENABLE_OBJC_ARC = YES;
				CLANG_ENABLE_OBJC_WEAK = YES;
				CLANG_WARN_BLOCK_CAPTURE_AUTORELEASING = YES;
				CLANG_WARN_BOOL_CONVERSION = YES;
				CLANG_WARN_COMMA = YES;
				CLANG_WARN_CONSTANT_CONVERSION = YES;
				CLANG_WARN_DEPRECATED_OBJC_IMPLEMENTATIONS = YES;
				CLANG_WARN_DIRECT_OBJC_ISA_USAGE = YES_ERROR;
				CLANG_WARN_DOCUMENTATION_COMMENTS = YES;
				CLANG_WARN_EMPTY_BODY = YES;
				CLANG_WARN_ENUM_CONVERSION = YES;
				CLANG_WARN_INFINITE_RECURSION = YES;
				CLANG_WARN_INT_CONVERSION = YES;
				CLANG_WARN_NON_LITERAL_NULL_CONVERSION = YES;
				CLANG_WARN_OBJC_IMPLICIT_RETAIN_SELF = YES;
				CLANG_WARN_OBJC_LITERAL_CONVERSION = YES;
				CLANG_WARN_OBJC_ROOT_CLASS = YES_ERROR;
				CLANG_WARN_QUOTED_INCLUDE_IN_FRAMEWORK_HEADER = YES;
				CLANG_WARN_RANGE_LOOP_ANALYSIS = YES;
				CLANG_WARN_STRICT_PROTOTYPES = YES;
				CLANG_WARN_SUSPICIOUS_MOVE = YES;
				CLANG_WARN_UNGUARDED_AVAILABILITY = YES_AGGRESSIVE;
				CLANG_WARN_UNREACHABLE_CODE = YES;
				CLANG_WARN__DUPLICATE_METHOD_MATCH = YES;
				COPY_PHASE_STRIP = NO;
				DEBUG_INFORMATION_FORMAT = dwarf;
				ENABLE_STRICT_OBJC_MSGSEND = YES;
				ENABLE_TESTABILITY = YES;
				GCC_C_LANGUAGE_STANDARD = gnu11;
				GCC_DYNAMIC_NO_PIC = NO;
				GCC_NO_COMMON_BLOCKS = YES;
				GCC_OPTIMIZATION_LEVEL = 0;
				GCC_PREPROCESSOR_DEFINITIONS = (
					"DEBUG=1",
					"$(inherited)",
				);
				GCC_WARN_64_TO_32_BIT_CONVERSION = YES;
				GCC_WARN_ABOUT_RETURN_TYPE = YES_ERROR;
				GCC_WARN_UNDECLARED_SELECTOR = YES;
				GCC_WARN_UNINITIALIZED_AUTOS = YES_AGGRESSIVE;
				GCC_WARN_UNUSED_FUNCTION = YES;
				GCC_WARN_UNUSED_VARIABLE = YES;
				IPHONEOS_DEPLOYMENT_TARGET = 15.4;
				MTL_ENABLE_DEBUG_INFO = INCLUDE_SOURCE;
				MTL_FAST_MATH = YES;
				ONLY_ACTIVE_ARCH = YES;
				SDKROOT = iphoneos;
				SWIFT_ACTIVE_COMPILATION_CONDITIONS = DEBUG;
				SWIFT_OPTIMIZATION_LEVEL = "-Onone";
			};
			name = Debug;
		};
		ED3218532868A3C200A10617 /* Release */ = {
			isa = XCBuildConfiguration;
			buildSettings = {
				ALWAYS_SEARCH_USER_PATHS = NO;
				CLANG_ANALYZER_NONNULL = YES;
				CLANG_ANALYZER_NUMBER_OBJECT_CONVERSION = YES_AGGRESSIVE;
				CLANG_CXX_LANGUAGE_STANDARD = "gnu++17";
				CLANG_ENABLE_MODULES = YES;
				CLANG_ENABLE_OBJC_ARC = YES;
				CLANG_ENABLE_OBJC_WEAK = YES;
				CLANG_WARN_BLOCK_CAPTURE_AUTORELEASING = YES;
				CLANG_WARN_BOOL_CONVERSION = YES;
				CLANG_WARN_COMMA = YES;
				CLANG_WARN_CONSTANT_CONVERSION = YES;
				CLANG_WARN_DEPRECATED_OBJC_IMPLEMENTATIONS = YES;
				CLANG_WARN_DIRECT_OBJC_ISA_USAGE = YES_ERROR;
				CLANG_WARN_DOCUMENTATION_COMMENTS = YES;
				CLANG_WARN_EMPTY_BODY = YES;
				CLANG_WARN_ENUM_CONVERSION = YES;
				CLANG_WARN_INFINITE_RECURSION = YES;
				CLANG_WARN_INT_CONVERSION = YES;
				CLANG_WARN_NON_LITERAL_NULL_CONVERSION = YES;
				CLANG_WARN_OBJC_IMPLICIT_RETAIN_SELF = YES;
				CLANG_WARN_OBJC_LITERAL_CONVERSION = YES;
				CLANG_WARN_OBJC_ROOT_CLASS = YES_ERROR;
				CLANG_WARN_QUOTED_INCLUDE_IN_FRAMEWORK_HEADER = YES;
				CLANG_WARN_RANGE_LOOP_ANALYSIS = YES;
				CLANG_WARN_STRICT_PROTOTYPES = YES;
				CLANG_WARN_SUSPICIOUS_MOVE = YES;
				CLANG_WARN_UNGUARDED_AVAILABILITY = YES_AGGRESSIVE;
				CLANG_WARN_UNREACHABLE_CODE = YES;
				CLANG_WARN__DUPLICATE_METHOD_MATCH = YES;
				COPY_PHASE_STRIP = NO;
				DEBUG_INFORMATION_FORMAT = "dwarf-with-dsym";
				ENABLE_NS_ASSERTIONS = NO;
				ENABLE_STRICT_OBJC_MSGSEND = YES;
				GCC_C_LANGUAGE_STANDARD = gnu11;
				GCC_NO_COMMON_BLOCKS = YES;
				GCC_WARN_64_TO_32_BIT_CONVERSION = YES;
				GCC_WARN_ABOUT_RETURN_TYPE = YES_ERROR;
				GCC_WARN_UNDECLARED_SELECTOR = YES;
				GCC_WARN_UNINITIALIZED_AUTOS = YES_AGGRESSIVE;
				GCC_WARN_UNUSED_FUNCTION = YES;
				GCC_WARN_UNUSED_VARIABLE = YES;
				IPHONEOS_DEPLOYMENT_TARGET = 15.4;
				MTL_ENABLE_DEBUG_INFO = NO;
				MTL_FAST_MATH = YES;
				SDKROOT = iphoneos;
				SWIFT_COMPILATION_MODE = wholemodule;
				SWIFT_OPTIMIZATION_LEVEL = "-O";
				VALIDATE_PRODUCT = YES;
			};
			name = Release;
		};
		ED3218552868A3C200A10617 /* Debug */ = {
			isa = XCBuildConfiguration;
			buildSettings = {
				ASSETCATALOG_COMPILER_APPICON_NAME = AppIcon;
				ASSETCATALOG_COMPILER_GLOBAL_ACCENT_COLOR_NAME = AccentColor;
				CODE_SIGN_STYLE = Automatic;
				CURRENT_PROJECT_VERSION = 1;
				GENERATE_INFOPLIST_FILE = YES;
				INFOPLIST_FILE = TVShows/Info.plist;
				INFOPLIST_KEY_UIApplicationSupportsIndirectInputEvents = YES;
				INFOPLIST_KEY_UILaunchStoryboardName = LaunchScreen;
				INFOPLIST_KEY_UIMainStoryboardFile = Main;
				INFOPLIST_KEY_UISupportedInterfaceOrientations_iPad = "UIInterfaceOrientationPortrait UIInterfaceOrientationPortraitUpsideDown UIInterfaceOrientationLandscapeLeft UIInterfaceOrientationLandscapeRight";
				INFOPLIST_KEY_UISupportedInterfaceOrientations_iPhone = "UIInterfaceOrientationPortrait UIInterfaceOrientationLandscapeLeft UIInterfaceOrientationLandscapeRight";
				LD_RUNPATH_SEARCH_PATHS = (
					"$(inherited)",
					"@executable_path/Frameworks",
				);
				MARKETING_VERSION = 1.0;
				PRODUCT_BUNDLE_IDENTIFIER = com.org.challenge.TVShows;
				PRODUCT_NAME = "$(TARGET_NAME)";
				SWIFT_EMIT_LOC_STRINGS = YES;
				SWIFT_VERSION = 5.0;
				TARGETED_DEVICE_FAMILY = "1,2";
			};
			name = Debug;
		};
		ED3218562868A3C200A10617 /* Release */ = {
			isa = XCBuildConfiguration;
			buildSettings = {
				ASSETCATALOG_COMPILER_APPICON_NAME = AppIcon;
				ASSETCATALOG_COMPILER_GLOBAL_ACCENT_COLOR_NAME = AccentColor;
				CODE_SIGN_STYLE = Automatic;
				CURRENT_PROJECT_VERSION = 1;
				GENERATE_INFOPLIST_FILE = YES;
				INFOPLIST_FILE = TVShows/Info.plist;
				INFOPLIST_KEY_UIApplicationSupportsIndirectInputEvents = YES;
				INFOPLIST_KEY_UILaunchStoryboardName = LaunchScreen;
				INFOPLIST_KEY_UIMainStoryboardFile = Main;
				INFOPLIST_KEY_UISupportedInterfaceOrientations_iPad = "UIInterfaceOrientationPortrait UIInterfaceOrientationPortraitUpsideDown UIInterfaceOrientationLandscapeLeft UIInterfaceOrientationLandscapeRight";
				INFOPLIST_KEY_UISupportedInterfaceOrientations_iPhone = "UIInterfaceOrientationPortrait UIInterfaceOrientationLandscapeLeft UIInterfaceOrientationLandscapeRight";
				LD_RUNPATH_SEARCH_PATHS = (
					"$(inherited)",
					"@executable_path/Frameworks",
				);
				MARKETING_VERSION = 1.0;
				PRODUCT_BUNDLE_IDENTIFIER = com.org.challenge.TVShows;
				PRODUCT_NAME = "$(TARGET_NAME)";
				SWIFT_EMIT_LOC_STRINGS = YES;
				SWIFT_VERSION = 5.0;
				TARGETED_DEVICE_FAMILY = "1,2";
			};
			name = Release;
		};
		ED3218582868A3C200A10617 /* Debug */ = {
			isa = XCBuildConfiguration;
			buildSettings = {
				ALWAYS_EMBED_SWIFT_STANDARD_LIBRARIES = YES;
				BUNDLE_LOADER = "$(TEST_HOST)";
				CODE_SIGN_STYLE = Automatic;
				CURRENT_PROJECT_VERSION = 1;
				GENERATE_INFOPLIST_FILE = YES;
				IPHONEOS_DEPLOYMENT_TARGET = 15.4;
				MARKETING_VERSION = 1.0;
				PRODUCT_BUNDLE_IDENTIFIER = com.org.challenge.TVShowsTests;
				PRODUCT_NAME = "$(TARGET_NAME)";
				SWIFT_EMIT_LOC_STRINGS = NO;
				SWIFT_VERSION = 5.0;
				TARGETED_DEVICE_FAMILY = "1,2";
				TEST_HOST = "$(BUILT_PRODUCTS_DIR)/TVShows.app/TVShows";
			};
			name = Debug;
		};
		ED3218592868A3C200A10617 /* Release */ = {
			isa = XCBuildConfiguration;
			buildSettings = {
				ALWAYS_EMBED_SWIFT_STANDARD_LIBRARIES = YES;
				BUNDLE_LOADER = "$(TEST_HOST)";
				CODE_SIGN_STYLE = Automatic;
				CURRENT_PROJECT_VERSION = 1;
				GENERATE_INFOPLIST_FILE = YES;
				IPHONEOS_DEPLOYMENT_TARGET = 15.4;
				MARKETING_VERSION = 1.0;
				PRODUCT_BUNDLE_IDENTIFIER = com.org.challenge.TVShowsTests;
				PRODUCT_NAME = "$(TARGET_NAME)";
				SWIFT_EMIT_LOC_STRINGS = NO;
				SWIFT_VERSION = 5.0;
				TARGETED_DEVICE_FAMILY = "1,2";
				TEST_HOST = "$(BUILT_PRODUCTS_DIR)/TVShows.app/TVShows";
			};
			name = Release;
		};
		ED32185B2868A3C200A10617 /* Debug */ = {
			isa = XCBuildConfiguration;
			buildSettings = {
				ALWAYS_EMBED_SWIFT_STANDARD_LIBRARIES = YES;
				CODE_SIGN_STYLE = Automatic;
				CURRENT_PROJECT_VERSION = 1;
				GENERATE_INFOPLIST_FILE = YES;
				MARKETING_VERSION = 1.0;
				PRODUCT_BUNDLE_IDENTIFIER = com.org.challenge.TVShowsUITests;
				PRODUCT_NAME = "$(TARGET_NAME)";
				SWIFT_EMIT_LOC_STRINGS = NO;
				SWIFT_VERSION = 5.0;
				TARGETED_DEVICE_FAMILY = "1,2";
				TEST_TARGET_NAME = TVShows;
			};
			name = Debug;
		};
		ED32185C2868A3C200A10617 /* Release */ = {
			isa = XCBuildConfiguration;
			buildSettings = {
				ALWAYS_EMBED_SWIFT_STANDARD_LIBRARIES = YES;
				CODE_SIGN_STYLE = Automatic;
				CURRENT_PROJECT_VERSION = 1;
				GENERATE_INFOPLIST_FILE = YES;
				MARKETING_VERSION = 1.0;
				PRODUCT_BUNDLE_IDENTIFIER = com.org.challenge.TVShowsUITests;
				PRODUCT_NAME = "$(TARGET_NAME)";
				SWIFT_EMIT_LOC_STRINGS = NO;
				SWIFT_VERSION = 5.0;
				TARGETED_DEVICE_FAMILY = "1,2";
				TEST_TARGET_NAME = TVShows;
			};
			name = Release;
		};
/* End XCBuildConfiguration section */

/* Begin XCConfigurationList section */
		ED3218252868A3C000A10617 /* Build configuration list for PBXProject "TVShows" */ = {
			isa = XCConfigurationList;
			buildConfigurations = (
				ED3218522868A3C200A10617 /* Debug */,
				ED3218532868A3C200A10617 /* Release */,
			);
			defaultConfigurationIsVisible = 0;
			defaultConfigurationName = Release;
		};
		ED3218542868A3C200A10617 /* Build configuration list for PBXNativeTarget "TVShows" */ = {
			isa = XCConfigurationList;
			buildConfigurations = (
				ED3218552868A3C200A10617 /* Debug */,
				ED3218562868A3C200A10617 /* Release */,
			);
			defaultConfigurationIsVisible = 0;
			defaultConfigurationName = Release;
		};
		ED3218572868A3C200A10617 /* Build configuration list for PBXNativeTarget "TVShowsTests" */ = {
			isa = XCConfigurationList;
			buildConfigurations = (
				ED3218582868A3C200A10617 /* Debug */,
				ED3218592868A3C200A10617 /* Release */,
			);
			defaultConfigurationIsVisible = 0;
			defaultConfigurationName = Release;
		};
		ED32185A2868A3C200A10617 /* Build configuration list for PBXNativeTarget "TVShowsUITests" */ = {
			isa = XCConfigurationList;
			buildConfigurations = (
				ED32185B2868A3C200A10617 /* Debug */,
				ED32185C2868A3C200A10617 /* Release */,
			);
			defaultConfigurationIsVisible = 0;
			defaultConfigurationName = Release;
		};
/* End XCConfigurationList section */
	};
	rootObject = ED3218222868A3C000A10617 /* Project object */;
}
