// !$*UTF8*$!
{
	archiveVersion = 1;
	classes = {
	};
	objectVersion = 55;
	objects = {

/* Begin PBXBuildFile section */
		151426B505EDEE9D0A6F9587 /* Pods_TVShowsTests.framework in Frameworks */ = {isa = PBXBuildFile; fileRef = 9B9D8EF9FFF548B29D69B705 /* Pods_TVShowsTests.framework */; };
		9B43E064A0BC29DE16462DDE /* Pods_TVShows_TVShowsUITests.framework in Frameworks */ = {isa = PBXBuildFile; fileRef = 7AC7E268162BE164909211DF /* Pods_TVShows_TVShowsUITests.framework */; };
		AF207BA8CBF02F9F56CDBFB0 /* Pods_TVShows.framework in Frameworks */ = {isa = PBXBuildFile; fileRef = 4DD549F4B48F9EB469FCAAEC /* Pods_TVShows.framework */; };
		ED32182E2868A3C000A10617 /* AppDelegate.swift in Sources */ = {isa = PBXBuildFile; fileRef = ED32182D2868A3C000A10617 /* AppDelegate.swift */; };
		ED3218302868A3C000A10617 /* SceneDelegate.swift in Sources */ = {isa = PBXBuildFile; fileRef = ED32182F2868A3C000A10617 /* SceneDelegate.swift */; };
		ED3218322868A3C000A10617 /* ViewController.swift in Sources */ = {isa = PBXBuildFile; fileRef = ED3218312868A3C000A10617 /* ViewController.swift */; };
		ED3218352868A3C000A10617 /* Main.storyboard in Resources */ = {isa = PBXBuildFile; fileRef = ED3218332868A3C000A10617 /* Main.storyboard */; };
		ED3218372868A3C200A10617 /* Assets.xcassets in Resources */ = {isa = PBXBuildFile; fileRef = ED3218362868A3C200A10617 /* Assets.xcassets */; };
		ED32183A2868A3C200A10617 /* LaunchScreen.storyboard in Resources */ = {isa = PBXBuildFile; fileRef = ED3218382868A3C200A10617 /* LaunchScreen.storyboard */; };
		ED3218452868A3C200A10617 /* TVShowsTests.swift in Sources */ = {isa = PBXBuildFile; fileRef = ED3218442868A3C200A10617 /* TVShowsTests.swift */; };
		ED32184F2868A3C200A10617 /* TVShowsUITests.swift in Sources */ = {isa = PBXBuildFile; fileRef = ED32184E2868A3C200A10617 /* TVShowsUITests.swift */; };
		ED3218512868A3C200A10617 /* TVShowsUITestsLaunchTests.swift in Sources */ = {isa = PBXBuildFile; fileRef = ED3218502868A3C200A10617 /* TVShowsUITestsLaunchTests.swift */; };
		EDCD66962868AB3100434A12 /* AppCoordinator.swift in Sources */ = {isa = PBXBuildFile; fileRef = EDCD66952868AB3100434A12 /* AppCoordinator.swift */; };
		EDCD669A2868AC0600434A12 /* Coordinator.swift in Sources */ = {isa = PBXBuildFile; fileRef = EDCD66992868AC0600434A12 /* Coordinator.swift */; };
		EDCD669D2868AC4E00434A12 /* RootTabBarCoordinator.swift in Sources */ = {isa = PBXBuildFile; fileRef = EDCD669C2868AC4E00434A12 /* RootTabBarCoordinator.swift */; };
		EDCD669F2868AD4B00434A12 /* Embedder.swift in Sources */ = {isa = PBXBuildFile; fileRef = EDCD669E2868AD4B00434A12 /* Embedder.swift */; };
		EDCD66A22868ADBA00434A12 /* UIView+Constraints.swift in Sources */ = {isa = PBXBuildFile; fileRef = EDCD66A12868ADBA00434A12 /* UIView+Constraints.swift */; };
		EDDEA4942868D70500749922 /* EndPoint.swift in Sources */ = {isa = PBXBuildFile; fileRef = EDDEA4932868D70500749922 /* EndPoint.swift */; };
		EDDEA4962868D73800749922 /* HttpMethod.swift in Sources */ = {isa = PBXBuildFile; fileRef = EDDEA4952868D73800749922 /* HttpMethod.swift */; };
		EDDEA4982868D76800749922 /* HttpClient.swift in Sources */ = {isa = PBXBuildFile; fileRef = EDDEA4972868D76800749922 /* HttpClient.swift */; };
		EDDEA49A2868D79100749922 /* HttpError.swift in Sources */ = {isa = PBXBuildFile; fileRef = EDDEA4992868D79100749922 /* HttpError.swift */; };
		EDDEA49D2868DA6600749922 /* TVShowsEndPoint.swift in Sources */ = {isa = PBXBuildFile; fileRef = EDDEA49C2868DA6600749922 /* TVShowsEndPoint.swift */; };
		EDDEA4A02868DBEB00749922 /* TVShowsService.swift in Sources */ = {isa = PBXBuildFile; fileRef = EDDEA49F2868DBEB00749922 /* TVShowsService.swift */; };
		EDDEA4A32868DCAC00749922 /* TVShow.swift in Sources */ = {isa = PBXBuildFile; fileRef = EDDEA4A22868DCAC00749922 /* TVShow.swift */; };
		EDDEA4A52868DD1B00749922 /* ImageObject.swift in Sources */ = {isa = PBXBuildFile; fileRef = EDDEA4A42868DD1B00749922 /* ImageObject.swift */; };
		EDDEA4A72868E07700749922 /* AppDelegate+Injection.swift in Sources */ = {isa = PBXBuildFile; fileRef = EDDEA4A62868E07700749922 /* AppDelegate+Injection.swift */; };
		EDDEA4A92868E91600749922 /* TVShows.swift in Sources */ = {isa = PBXBuildFile; fileRef = EDDEA4A82868E91600749922 /* TVShows.swift */; };
		EDDEA4AC2868EEB200749922 /* TVShowsViewController.swift in Sources */ = {isa = PBXBuildFile; fileRef = EDDEA4AB2868EEB200749922 /* TVShowsViewController.swift */; };
		EDDEA4AE2868F73000749922 /* TVShowCollectionViewCell.swift in Sources */ = {isa = PBXBuildFile; fileRef = EDDEA4AD2868F73000749922 /* TVShowCollectionViewCell.swift */; };
		EDDEA4B128692B7300749922 /* TVShowsViewModel.swift in Sources */ = {isa = PBXBuildFile; fileRef = EDDEA4B028692B7300749922 /* TVShowsViewModel.swift */; };
		EDDEA4B42869335D00749922 /* TVShowDetailViewController.swift in Sources */ = {isa = PBXBuildFile; fileRef = EDDEA4B32869335D00749922 /* TVShowDetailViewController.swift */; };
		EDDEA4B6286935B900749922 /* UIScreen+Sizes.swift in Sources */ = {isa = PBXBuildFile; fileRef = EDDEA4B5286935B900749922 /* UIScreen+Sizes.swift */; };
		EDDEA4B82869438400749922 /* Schedule.swift in Sources */ = {isa = PBXBuildFile; fileRef = EDDEA4B72869438400749922 /* Schedule.swift */; };
		EDDEA4BA286952A000749922 /* String+htmlString.swift in Sources */ = {isa = PBXBuildFile; fileRef = EDDEA4B9286952A000749922 /* String+htmlString.swift */; };
		EDDEA4BC28695CE900749922 /* Episode.swift in Sources */ = {isa = PBXBuildFile; fileRef = EDDEA4BB28695CE900749922 /* Episode.swift */; };
/* End PBXBuildFile section */

/* Begin PBXContainerItemProxy section */
		ED3218412868A3C200A10617 /* PBXContainerItemProxy */ = {
			isa = PBXContainerItemProxy;
			containerPortal = ED3218222868A3C000A10617 /* Project object */;
			proxyType = 1;
			remoteGlobalIDString = ED3218292868A3C000A10617;
			remoteInfo = TVShows;
		};
		ED32184B2868A3C200A10617 /* PBXContainerItemProxy */ = {
			isa = PBXContainerItemProxy;
			containerPortal = ED3218222868A3C000A10617 /* Project object */;
			proxyType = 1;
			remoteGlobalIDString = ED3218292868A3C000A10617;
			remoteInfo = TVShows;
		};
/* End PBXContainerItemProxy section */

/* Begin PBXFileReference section */
		238FFBB822022888A5FF63DA /* Pods-TVShows.debug.xcconfig */ = {isa = PBXFileReference; includeInIndex = 1; lastKnownFileType = text.xcconfig; name = "Pods-TVShows.debug.xcconfig"; path = "Target Support Files/Pods-TVShows/Pods-TVShows.debug.xcconfig"; sourceTree = "<group>"; };
		30BDBBE9C378E245B6DE14AA /* Pods-TVShows-TVShowsUITests.release.xcconfig */ = {isa = PBXFileReference; includeInIndex = 1; lastKnownFileType = text.xcconfig; name = "Pods-TVShows-TVShowsUITests.release.xcconfig"; path = "Target Support Files/Pods-TVShows-TVShowsUITests/Pods-TVShows-TVShowsUITests.release.xcconfig"; sourceTree = "<group>"; };
		4DD549F4B48F9EB469FCAAEC /* Pods_TVShows.framework */ = {isa = PBXFileReference; explicitFileType = wrapper.framework; includeInIndex = 0; path = Pods_TVShows.framework; sourceTree = BUILT_PRODUCTS_DIR; };
		7AC7E268162BE164909211DF /* Pods_TVShows_TVShowsUITests.framework */ = {isa = PBXFileReference; explicitFileType = wrapper.framework; includeInIndex = 0; path = Pods_TVShows_TVShowsUITests.framework; sourceTree = BUILT_PRODUCTS_DIR; };
		91BFB277E1C5ECC4C7A61FC7 /* Pods-TVShows-TVShowsUITests.debug.xcconfig */ = {isa = PBXFileReference; includeInIndex = 1; lastKnownFileType = text.xcconfig; name = "Pods-TVShows-TVShowsUITests.debug.xcconfig"; path = "Target Support Files/Pods-TVShows-TVShowsUITests/Pods-TVShows-TVShowsUITests.debug.xcconfig"; sourceTree = "<group>"; };
		9B9D8EF9FFF548B29D69B705 /* Pods_TVShowsTests.framework */ = {isa = PBXFileReference; explicitFileType = wrapper.framework; includeInIndex = 0; path = Pods_TVShowsTests.framework; sourceTree = BUILT_PRODUCTS_DIR; };
		D27E4E486362D251414A8E3E /* Pods-TVShowsTests.release.xcconfig */ = {isa = PBXFileReference; includeInIndex = 1; lastKnownFileType = text.xcconfig; name = "Pods-TVShowsTests.release.xcconfig"; path = "Target Support Files/Pods-TVShowsTests/Pods-TVShowsTests.release.xcconfig"; sourceTree = "<group>"; };
		E60222B35DC7D386C3E065B8 /* Pods-TVShowsTests.debug.xcconfig */ = {isa = PBXFileReference; includeInIndex = 1; lastKnownFileType = text.xcconfig; name = "Pods-TVShowsTests.debug.xcconfig"; path = "Target Support Files/Pods-TVShowsTests/Pods-TVShowsTests.debug.xcconfig"; sourceTree = "<group>"; };
		ED32182A2868A3C000A10617 /* TVShows.app */ = {isa = PBXFileReference; explicitFileType = wrapper.application; includeInIndex = 0; path = TVShows.app; sourceTree = BUILT_PRODUCTS_DIR; };
		ED32182D2868A3C000A10617 /* AppDelegate.swift */ = {isa = PBXFileReference; lastKnownFileType = sourcecode.swift; path = AppDelegate.swift; sourceTree = "<group>"; };
		ED32182F2868A3C000A10617 /* SceneDelegate.swift */ = {isa = PBXFileReference; lastKnownFileType = sourcecode.swift; path = SceneDelegate.swift; sourceTree = "<group>"; };
		ED3218312868A3C000A10617 /* ViewController.swift */ = {isa = PBXFileReference; lastKnownFileType = sourcecode.swift; path = ViewController.swift; sourceTree = "<group>"; };
		ED3218342868A3C000A10617 /* Base */ = {isa = PBXFileReference; lastKnownFileType = file.storyboard; name = Base; path = Base.lproj/Main.storyboard; sourceTree = "<group>"; };
		ED3218362868A3C200A10617 /* Assets.xcassets */ = {isa = PBXFileReference; lastKnownFileType = folder.assetcatalog; path = Assets.xcassets; sourceTree = "<group>"; };
		ED3218392868A3C200A10617 /* Base */ = {isa = PBXFileReference; lastKnownFileType = file.storyboard; name = Base; path = Base.lproj/LaunchScreen.storyboard; sourceTree = "<group>"; };
		ED32183B2868A3C200A10617 /* Info.plist */ = {isa = PBXFileReference; lastKnownFileType = text.plist.xml; path = Info.plist; sourceTree = "<group>"; };
		ED3218402868A3C200A10617 /* TVShowsTests.xctest */ = {isa = PBXFileReference; explicitFileType = wrapper.cfbundle; includeInIndex = 0; path = TVShowsTests.xctest; sourceTree = BUILT_PRODUCTS_DIR; };
		ED3218442868A3C200A10617 /* TVShowsTests.swift */ = {isa = PBXFileReference; lastKnownFileType = sourcecode.swift; path = TVShowsTests.swift; sourceTree = "<group>"; };
		ED32184A2868A3C200A10617 /* TVShowsUITests.xctest */ = {isa = PBXFileReference; explicitFileType = wrapper.cfbundle; includeInIndex = 0; path = TVShowsUITests.xctest; sourceTree = BUILT_PRODUCTS_DIR; };
		ED32184E2868A3C200A10617 /* TVShowsUITests.swift */ = {isa = PBXFileReference; lastKnownFileType = sourcecode.swift; path = TVShowsUITests.swift; sourceTree = "<group>"; };
		ED3218502868A3C200A10617 /* TVShowsUITestsLaunchTests.swift */ = {isa = PBXFileReference; lastKnownFileType = sourcecode.swift; path = TVShowsUITestsLaunchTests.swift; sourceTree = "<group>"; };
		EDCD66952868AB3100434A12 /* AppCoordinator.swift */ = {isa = PBXFileReference; lastKnownFileType = sourcecode.swift; path = AppCoordinator.swift; sourceTree = "<group>"; };
		EDCD66992868AC0600434A12 /* Coordinator.swift */ = {isa = PBXFileReference; lastKnownFileType = sourcecode.swift; path = Coordinator.swift; sourceTree = "<group>"; };
		EDCD669C2868AC4E00434A12 /* RootTabBarCoordinator.swift */ = {isa = PBXFileReference; lastKnownFileType = sourcecode.swift; path = RootTabBarCoordinator.swift; sourceTree = "<group>"; };
		EDCD669E2868AD4B00434A12 /* Embedder.swift */ = {isa = PBXFileReference; lastKnownFileType = sourcecode.swift; path = Embedder.swift; sourceTree = "<group>"; };
		EDCD66A12868ADBA00434A12 /* UIView+Constraints.swift */ = {isa = PBXFileReference; lastKnownFileType = sourcecode.swift; path = "UIView+Constraints.swift"; sourceTree = "<group>"; };
		EDDEA4932868D70500749922 /* EndPoint.swift */ = {isa = PBXFileReference; lastKnownFileType = sourcecode.swift; path = EndPoint.swift; sourceTree = "<group>"; };
		EDDEA4952868D73800749922 /* HttpMethod.swift */ = {isa = PBXFileReference; lastKnownFileType = sourcecode.swift; path = HttpMethod.swift; sourceTree = "<group>"; };
		EDDEA4972868D76800749922 /* HttpClient.swift */ = {isa = PBXFileReference; lastKnownFileType = sourcecode.swift; path = HttpClient.swift; sourceTree = "<group>"; };
		EDDEA4992868D79100749922 /* HttpError.swift */ = {isa = PBXFileReference; lastKnownFileType = sourcecode.swift; path = HttpError.swift; sourceTree = "<group>"; };
		EDDEA49C2868DA6600749922 /* TVShowsEndPoint.swift */ = {isa = PBXFileReference; lastKnownFileType = sourcecode.swift; path = TVShowsEndPoint.swift; sourceTree = "<group>"; };
		EDDEA49F2868DBEB00749922 /* TVShowsService.swift */ = {isa = PBXFileReference; lastKnownFileType = sourcecode.swift; path = TVShowsService.swift; sourceTree = "<group>"; };
		EDDEA4A22868DCAC00749922 /* TVShow.swift */ = {isa = PBXFileReference; lastKnownFileType = sourcecode.swift; path = TVShow.swift; sourceTree = "<group>"; };
		EDDEA4A42868DD1B00749922 /* ImageObject.swift */ = {isa = PBXFileReference; lastKnownFileType = sourcecode.swift; path = ImageObject.swift; sourceTree = "<group>"; };
		EDDEA4A62868E07700749922 /* AppDelegate+Injection.swift */ = {isa = PBXFileReference; lastKnownFileType = sourcecode.swift; path = "AppDelegate+Injection.swift"; sourceTree = "<group>"; };
		EDDEA4A82868E91600749922 /* TVShows.swift */ = {isa = PBXFileReference; lastKnownFileType = sourcecode.swift; path = TVShows.swift; sourceTree = "<group>"; };
		EDDEA4AB2868EEB200749922 /* TVShowsViewController.swift */ = {isa = PBXFileReference; lastKnownFileType = sourcecode.swift; path = TVShowsViewController.swift; sourceTree = "<group>"; };
		EDDEA4AD2868F73000749922 /* TVShowCollectionViewCell.swift */ = {isa = PBXFileReference; lastKnownFileType = sourcecode.swift; path = TVShowCollectionViewCell.swift; sourceTree = "<group>"; };
		EDDEA4B028692B7300749922 /* TVShowsViewModel.swift */ = {isa = PBXFileReference; lastKnownFileType = sourcecode.swift; path = TVShowsViewModel.swift; sourceTree = "<group>"; };
		EDDEA4B32869335D00749922 /* TVShowDetailViewController.swift */ = {isa = PBXFileReference; lastKnownFileType = sourcecode.swift; path = TVShowDetailViewController.swift; sourceTree = "<group>"; };
		EDDEA4B5286935B900749922 /* UIScreen+Sizes.swift */ = {isa = PBXFileReference; lastKnownFileType = sourcecode.swift; path = "UIScreen+Sizes.swift"; sourceTree = "<group>"; };
		EDDEA4B72869438400749922 /* Schedule.swift */ = {isa = PBXFileReference; lastKnownFileType = sourcecode.swift; path = Schedule.swift; sourceTree = "<group>"; };
		EDDEA4B9286952A000749922 /* String+htmlString.swift */ = {isa = PBXFileReference; lastKnownFileType = sourcecode.swift; path = "String+htmlString.swift"; sourceTree = "<group>"; };
		EDDEA4BB28695CE900749922 /* Episode.swift */ = {isa = PBXFileReference; lastKnownFileType = sourcecode.swift; path = Episode.swift; sourceTree = "<group>"; };
		FD6AA44C60FBC2690409EFA5 /* Pods-TVShows.release.xcconfig */ = {isa = PBXFileReference; includeInIndex = 1; lastKnownFileType = text.xcconfig; name = "Pods-TVShows.release.xcconfig"; path = "Target Support Files/Pods-TVShows/Pods-TVShows.release.xcconfig"; sourceTree = "<group>"; };
/* End PBXFileReference section */

/* Begin PBXFrameworksBuildPhase section */
		ED3218272868A3C000A10617 /* Frameworks */ = {
			isa = PBXFrameworksBuildPhase;
			buildActionMask = 2147483647;
			files = (
				AF207BA8CBF02F9F56CDBFB0 /* Pods_TVShows.framework in Frameworks */,
			);
			runOnlyForDeploymentPostprocessing = 0;
		};
		ED32183D2868A3C200A10617 /* Frameworks */ = {
			isa = PBXFrameworksBuildPhase;
			buildActionMask = 2147483647;
			files = (
				151426B505EDEE9D0A6F9587 /* Pods_TVShowsTests.framework in Frameworks */,
			);
			runOnlyForDeploymentPostprocessing = 0;
		};
		ED3218472868A3C200A10617 /* Frameworks */ = {
			isa = PBXFrameworksBuildPhase;
			buildActionMask = 2147483647;
			files = (
				9B43E064A0BC29DE16462DDE /* Pods_TVShows_TVShowsUITests.framework in Frameworks */,
			);
			runOnlyForDeploymentPostprocessing = 0;
		};
/* End PBXFrameworksBuildPhase section */

/* Begin PBXGroup section */
		3859E52828A5E6E1C291DC21 /* Frameworks */ = {
			isa = PBXGroup;
			children = (
				4DD549F4B48F9EB469FCAAEC /* Pods_TVShows.framework */,
				7AC7E268162BE164909211DF /* Pods_TVShows_TVShowsUITests.framework */,
				9B9D8EF9FFF548B29D69B705 /* Pods_TVShowsTests.framework */,
			);
			name = Frameworks;
			sourceTree = "<group>";
		};
		CF26ED0104A5233371AA4365 /* Pods */ = {
			isa = PBXGroup;
			children = (
				238FFBB822022888A5FF63DA /* Pods-TVShows.debug.xcconfig */,
				FD6AA44C60FBC2690409EFA5 /* Pods-TVShows.release.xcconfig */,
				91BFB277E1C5ECC4C7A61FC7 /* Pods-TVShows-TVShowsUITests.debug.xcconfig */,
				30BDBBE9C378E245B6DE14AA /* Pods-TVShows-TVShowsUITests.release.xcconfig */,
				E60222B35DC7D386C3E065B8 /* Pods-TVShowsTests.debug.xcconfig */,
				D27E4E486362D251414A8E3E /* Pods-TVShowsTests.release.xcconfig */,
			);
			path = Pods;
			sourceTree = "<group>";
		};
		ED3218212868A3C000A10617 = {
			isa = PBXGroup;
			children = (
				ED32182C2868A3C000A10617 /* TVShows */,
				ED3218432868A3C200A10617 /* TVShowsTests */,
				ED32184D2868A3C200A10617 /* TVShowsUITests */,
				ED32182B2868A3C000A10617 /* Products */,
				CF26ED0104A5233371AA4365 /* Pods */,
				3859E52828A5E6E1C291DC21 /* Frameworks */,
			);
			sourceTree = "<group>";
		};
		ED32182B2868A3C000A10617 /* Products */ = {
			isa = PBXGroup;
			children = (
				ED32182A2868A3C000A10617 /* TVShows.app */,
				ED3218402868A3C200A10617 /* TVShowsTests.xctest */,
				ED32184A2868A3C200A10617 /* TVShowsUITests.xctest */,
			);
			name = Products;
			sourceTree = "<group>";
		};
		ED32182C2868A3C000A10617 /* TVShows */ = {
			isa = PBXGroup;
			children = (
				EDDEA4902868D6D900749922 /* Network */,
				EDCD669B2868AC3500434A12 /* Scenes */,
				EDCD66972868ABE900434A12 /* Common */,
				EDCD66952868AB3100434A12 /* AppCoordinator.swift */,
				ED32182D2868A3C000A10617 /* AppDelegate.swift */,
				ED3218362868A3C200A10617 /* Assets.xcassets */,
				ED32183B2868A3C200A10617 /* Info.plist */,
				ED3218382868A3C200A10617 /* LaunchScreen.storyboard */,
				ED3218332868A3C000A10617 /* Main.storyboard */,
				ED32182F2868A3C000A10617 /* SceneDelegate.swift */,
				ED3218312868A3C000A10617 /* ViewController.swift */,
				EDDEA4A62868E07700749922 /* AppDelegate+Injection.swift */,
			);
			path = TVShows;
			sourceTree = "<group>";
		};
		ED3218432868A3C200A10617 /* TVShowsTests */ = {
			isa = PBXGroup;
			children = (
				ED3218442868A3C200A10617 /* TVShowsTests.swift */,
			);
			path = TVShowsTests;
			sourceTree = "<group>";
		};
		ED32184D2868A3C200A10617 /* TVShowsUITests */ = {
			isa = PBXGroup;
			children = (
				ED32184E2868A3C200A10617 /* TVShowsUITests.swift */,
				ED3218502868A3C200A10617 /* TVShowsUITestsLaunchTests.swift */,
			);
			path = TVShowsUITests;
			sourceTree = "<group>";
		};
		EDCD66972868ABE900434A12 /* Common */ = {
			isa = PBXGroup;
			children = (
				EDDEA4A12868DC3D00749922 /* Models */,
				EDCD66A02868ADA500434A12 /* Extensions */,
				EDCD66982868ABEE00434A12 /* Protocols */,
			);
			path = Common;
			sourceTree = "<group>";
		};
		EDCD66982868ABEE00434A12 /* Protocols */ = {
			isa = PBXGroup;
			children = (
				EDCD66992868AC0600434A12 /* Coordinator.swift */,
				EDCD669E2868AD4B00434A12 /* Embedder.swift */,
			);
			path = Protocols;
			sourceTree = "<group>";
		};
		EDCD669B2868AC3500434A12 /* Scenes */ = {
			isa = PBXGroup;
			children = (
				EDDEA4B22869333800749922 /* TVShowDetail */,
				EDDEA4AA2868EE8F00749922 /* TVShows */,
				EDCD66A32868AE3200434A12 /* RootTabBar */,
			);
			path = Scenes;
			sourceTree = "<group>";
		};
		EDCD66A02868ADA500434A12 /* Extensions */ = {
			isa = PBXGroup;
			children = (
				EDCD66A12868ADBA00434A12 /* UIView+Constraints.swift */,
				EDDEA4B5286935B900749922 /* UIScreen+Sizes.swift */,
				EDDEA4B9286952A000749922 /* String+htmlString.swift */,
			);
			path = Extensions;
			sourceTree = "<group>";
		};
		EDCD66A32868AE3200434A12 /* RootTabBar */ = {
			isa = PBXGroup;
			children = (
				EDCD669C2868AC4E00434A12 /* RootTabBarCoordinator.swift */,
			);
			path = RootTabBar;
			sourceTree = "<group>";
		};
		EDDEA4902868D6D900749922 /* Network */ = {
			isa = PBXGroup;
			children = (
				EDDEA49E2868DB9800749922 /* Services */,
				EDDEA49B2868DA4900749922 /* Endpoints */,
				EDDEA4922868D6F000749922 /* Base */,
			);
			path = Network;
			sourceTree = "<group>";
		};
		EDDEA4922868D6F000749922 /* Base */ = {
			isa = PBXGroup;
			children = (
				EDDEA4932868D70500749922 /* EndPoint.swift */,
				EDDEA4952868D73800749922 /* HttpMethod.swift */,
				EDDEA4972868D76800749922 /* HttpClient.swift */,
				EDDEA4992868D79100749922 /* HttpError.swift */,
			);
			path = Base;
			sourceTree = "<group>";
		};
		EDDEA49B2868DA4900749922 /* Endpoints */ = {
			isa = PBXGroup;
			children = (
				EDDEA49C2868DA6600749922 /* TVShowsEndPoint.swift */,
			);
			path = Endpoints;
			sourceTree = "<group>";
		};
		EDDEA49E2868DB9800749922 /* Services */ = {
			isa = PBXGroup;
			children = (
				EDDEA49F2868DBEB00749922 /* TVShowsService.swift */,
			);
			path = Services;
			sourceTree = "<group>";
		};
		EDDEA4A12868DC3D00749922 /* Models */ = {
			isa = PBXGroup;
			children = (
				EDDEA4A22868DCAC00749922 /* TVShow.swift */,
				EDDEA4A42868DD1B00749922 /* ImageObject.swift */,
				EDDEA4A82868E91600749922 /* TVShows.swift */,
				EDDEA4B72869438400749922 /* Schedule.swift */,
				EDDEA4BB28695CE900749922 /* Episode.swift */,
			);
			path = Models;
			sourceTree = "<group>";
		};
		EDDEA4AA2868EE8F00749922 /* TVShows */ = {
			isa = PBXGroup;
			children = (
				EDDEA4AB2868EEB200749922 /* TVShowsViewController.swift */,
				EDDEA4B028692B7300749922 /* TVShowsViewModel.swift */,
				EDDEA4AD2868F73000749922 /* TVShowCollectionViewCell.swift */,
			);
			path = TVShows;
			sourceTree = "<group>";
		};
		EDDEA4B22869333800749922 /* TVShowDetail */ = {
			isa = PBXGroup;
			children = (
				EDDEA4B32869335D00749922 /* TVShowDetailViewController.swift */,
			);
			path = TVShowDetail;
			sourceTree = "<group>";
		};
/* End PBXGroup section */

/* Begin PBXNativeTarget section */
		ED3218292868A3C000A10617 /* TVShows */ = {
			isa = PBXNativeTarget;
			buildConfigurationList = ED3218542868A3C200A10617 /* Build configuration list for PBXNativeTarget "TVShows" */;
			buildPhases = (
				59D9B188797A9D619A7F2C46 /* [CP] Check Pods Manifest.lock */,
				ED3218262868A3C000A10617 /* Sources */,
				ED3218272868A3C000A10617 /* Frameworks */,
				ED3218282868A3C000A10617 /* Resources */,
				4E0CDB70578E30463174A404 /* [CP] Embed Pods Frameworks */,
			);
			buildRules = (
			);
			dependencies = (
			);
			name = TVShows;
			productName = TVShows;
			productReference = ED32182A2868A3C000A10617 /* TVShows.app */;
			productType = "com.apple.product-type.application";
		};
		ED32183F2868A3C200A10617 /* TVShowsTests */ = {
			isa = PBXNativeTarget;
			buildConfigurationList = ED3218572868A3C200A10617 /* Build configuration list for PBXNativeTarget "TVShowsTests" */;
			buildPhases = (
				5B0E5DE1FE5A334DF942D7DF /* [CP] Check Pods Manifest.lock */,
				ED32183C2868A3C200A10617 /* Sources */,
				ED32183D2868A3C200A10617 /* Frameworks */,
				ED32183E2868A3C200A10617 /* Resources */,
			);
			buildRules = (
			);
			dependencies = (
				ED3218422868A3C200A10617 /* PBXTargetDependency */,
			);
			name = TVShowsTests;
			productName = TVShowsTests;
			productReference = ED3218402868A3C200A10617 /* TVShowsTests.xctest */;
			productType = "com.apple.product-type.bundle.unit-test";
		};
		ED3218492868A3C200A10617 /* TVShowsUITests */ = {
			isa = PBXNativeTarget;
			buildConfigurationList = ED32185A2868A3C200A10617 /* Build configuration list for PBXNativeTarget "TVShowsUITests" */;
			buildPhases = (
				550DA3B5843C556ACDBD7EC1 /* [CP] Check Pods Manifest.lock */,
				ED3218462868A3C200A10617 /* Sources */,
				ED3218472868A3C200A10617 /* Frameworks */,
				ED3218482868A3C200A10617 /* Resources */,
				33CBD262DE92F97ACB7DB8DF /* [CP] Embed Pods Frameworks */,
			);
			buildRules = (
			);
			dependencies = (
				ED32184C2868A3C200A10617 /* PBXTargetDependency */,
			);
			name = TVShowsUITests;
			productName = TVShowsUITests;
			productReference = ED32184A2868A3C200A10617 /* TVShowsUITests.xctest */;
			productType = "com.apple.product-type.bundle.ui-testing";
		};
/* End PBXNativeTarget section */

/* Begin PBXProject section */
		ED3218222868A3C000A10617 /* Project object */ = {
			isa = PBXProject;
			attributes = {
				BuildIndependentTargetsInParallel = 1;
				LastSwiftUpdateCheck = 1330;
				LastUpgradeCheck = 1330;
				TargetAttributes = {
					ED3218292868A3C000A10617 = {
						CreatedOnToolsVersion = 13.3;
					};
					ED32183F2868A3C200A10617 = {
						CreatedOnToolsVersion = 13.3;
						TestTargetID = ED3218292868A3C000A10617;
					};
					ED3218492868A3C200A10617 = {
						CreatedOnToolsVersion = 13.3;
						TestTargetID = ED3218292868A3C000A10617;
					};
				};
			};
			buildConfigurationList = ED3218252868A3C000A10617 /* Build configuration list for PBXProject "TVShows" */;
			compatibilityVersion = "Xcode 13.0";
			developmentRegion = en;
			hasScannedForEncodings = 0;
			knownRegions = (
				en,
				Base,
			);
			mainGroup = ED3218212868A3C000A10617;
			productRefGroup = ED32182B2868A3C000A10617 /* Products */;
			projectDirPath = "";
			projectRoot = "";
			targets = (
				ED3218292868A3C000A10617 /* TVShows */,
				ED32183F2868A3C200A10617 /* TVShowsTests */,
				ED3218492868A3C200A10617 /* TVShowsUITests */,
			);
		};
/* End PBXProject section */

/* Begin PBXResourcesBuildPhase section */
		ED3218282868A3C000A10617 /* Resources */ = {
			isa = PBXResourcesBuildPhase;
			buildActionMask = 2147483647;
			files = (
				ED32183A2868A3C200A10617 /* LaunchScreen.storyboard in Resources */,
				ED3218372868A3C200A10617 /* Assets.xcassets in Resources */,
				ED3218352868A3C000A10617 /* Main.storyboard in Resources */,
			);
			runOnlyForDeploymentPostprocessing = 0;
		};
		ED32183E2868A3C200A10617 /* Resources */ = {
			isa = PBXResourcesBuildPhase;
			buildActionMask = 2147483647;
			files = (
			);
			runOnlyForDeploymentPostprocessing = 0;
		};
		ED3218482868A3C200A10617 /* Resources */ = {
			isa = PBXResourcesBuildPhase;
			buildActionMask = 2147483647;
			files = (
			);
			runOnlyForDeploymentPostprocessing = 0;
		};
/* End PBXResourcesBuildPhase section */

/* Begin PBXShellScriptBuildPhase section */
		33CBD262DE92F97ACB7DB8DF /* [CP] Embed Pods Frameworks */ = {
			isa = PBXShellScriptBuildPhase;
			buildActionMask = 2147483647;
			files = (
			);
			inputFileListPaths = (
				"${PODS_ROOT}/Target Support Files/Pods-TVShows-TVShowsUITests/Pods-TVShows-TVShowsUITests-frameworks-${CONFIGURATION}-input-files.xcfilelist",
			);
			name = "[CP] Embed Pods Frameworks";
			outputFileListPaths = (
				"${PODS_ROOT}/Target Support Files/Pods-TVShows-TVShowsUITests/Pods-TVShows-TVShowsUITests-frameworks-${CONFIGURATION}-output-files.xcfilelist",
			);
			runOnlyForDeploymentPostprocessing = 0;
			shellPath = /bin/sh;
			shellScript = "\"${PODS_ROOT}/Target Support Files/Pods-TVShows-TVShowsUITests/Pods-TVShows-TVShowsUITests-frameworks.sh\"\n";
			showEnvVarsInLog = 0;
		};
		4E0CDB70578E30463174A404 /* [CP] Embed Pods Frameworks */ = {
			isa = PBXShellScriptBuildPhase;
			buildActionMask = 2147483647;
			files = (
			);
			inputFileListPaths = (
				"${PODS_ROOT}/Target Support Files/Pods-TVShows/Pods-TVShows-frameworks-${CONFIGURATION}-input-files.xcfilelist",
			);
			name = "[CP] Embed Pods Frameworks";
			outputFileListPaths = (
				"${PODS_ROOT}/Target Support Files/Pods-TVShows/Pods-TVShows-frameworks-${CONFIGURATION}-output-files.xcfilelist",
			);
			runOnlyForDeploymentPostprocessing = 0;
			shellPath = /bin/sh;
			shellScript = "\"${PODS_ROOT}/Target Support Files/Pods-TVShows/Pods-TVShows-frameworks.sh\"\n";
			showEnvVarsInLog = 0;
		};
		550DA3B5843C556ACDBD7EC1 /* [CP] Check Pods Manifest.lock */ = {
			isa = PBXShellScriptBuildPhase;
			buildActionMask = 2147483647;
			files = (
			);
			inputFileListPaths = (
			);
			inputPaths = (
				"${PODS_PODFILE_DIR_PATH}/Podfile.lock",
				"${PODS_ROOT}/Manifest.lock",
			);
			name = "[CP] Check Pods Manifest.lock";
			outputFileListPaths = (
			);
			outputPaths = (
				"$(DERIVED_FILE_DIR)/Pods-TVShows-TVShowsUITests-checkManifestLockResult.txt",
			);
			runOnlyForDeploymentPostprocessing = 0;
			shellPath = /bin/sh;
			shellScript = "diff \"${PODS_PODFILE_DIR_PATH}/Podfile.lock\" \"${PODS_ROOT}/Manifest.lock\" > /dev/null\nif [ $? != 0 ] ; then\n    # print error to STDERR\n    echo \"error: The sandbox is not in sync with the Podfile.lock. Run 'pod install' or update your CocoaPods installation.\" >&2\n    exit 1\nfi\n# This output is used by Xcode 'outputs' to avoid re-running this script phase.\necho \"SUCCESS\" > \"${SCRIPT_OUTPUT_FILE_0}\"\n";
			showEnvVarsInLog = 0;
		};
		59D9B188797A9D619A7F2C46 /* [CP] Check Pods Manifest.lock */ = {
			isa = PBXShellScriptBuildPhase;
			buildActionMask = 2147483647;
			files = (
			);
			inputFileListPaths = (
			);
			inputPaths = (
				"${PODS_PODFILE_DIR_PATH}/Podfile.lock",
				"${PODS_ROOT}/Manifest.lock",
			);
			name = "[CP] Check Pods Manifest.lock";
			outputFileListPaths = (
			);
			outputPaths = (
				"$(DERIVED_FILE_DIR)/Pods-TVShows-checkManifestLockResult.txt",
			);
			runOnlyForDeploymentPostprocessing = 0;
			shellPath = /bin/sh;
			shellScript = "diff \"${PODS_PODFILE_DIR_PATH}/Podfile.lock\" \"${PODS_ROOT}/Manifest.lock\" > /dev/null\nif [ $? != 0 ] ; then\n    # print error to STDERR\n    echo \"error: The sandbox is not in sync with the Podfile.lock. Run 'pod install' or update your CocoaPods installation.\" >&2\n    exit 1\nfi\n# This output is used by Xcode 'outputs' to avoid re-running this script phase.\necho \"SUCCESS\" > \"${SCRIPT_OUTPUT_FILE_0}\"\n";
			showEnvVarsInLog = 0;
		};
		5B0E5DE1FE5A334DF942D7DF /* [CP] Check Pods Manifest.lock */ = {
			isa = PBXShellScriptBuildPhase;
			buildActionMask = 2147483647;
			files = (
			);
			inputFileListPaths = (
			);
			inputPaths = (
				"${PODS_PODFILE_DIR_PATH}/Podfile.lock",
				"${PODS_ROOT}/Manifest.lock",
			);
			name = "[CP] Check Pods Manifest.lock";
			outputFileListPaths = (
			);
			outputPaths = (
				"$(DERIVED_FILE_DIR)/Pods-TVShowsTests-checkManifestLockResult.txt",
			);
			runOnlyForDeploymentPostprocessing = 0;
			shellPath = /bin/sh;
			shellScript = "diff \"${PODS_PODFILE_DIR_PATH}/Podfile.lock\" \"${PODS_ROOT}/Manifest.lock\" > /dev/null\nif [ $? != 0 ] ; then\n    # print error to STDERR\n    echo \"error: The sandbox is not in sync with the Podfile.lock. Run 'pod install' or update your CocoaPods installation.\" >&2\n    exit 1\nfi\n# This output is used by Xcode 'outputs' to avoid re-running this script phase.\necho \"SUCCESS\" > \"${SCRIPT_OUTPUT_FILE_0}\"\n";
			showEnvVarsInLog = 0;
		};
/* End PBXShellScriptBuildPhase section */

/* Begin PBXSourcesBuildPhase section */
		ED3218262868A3C000A10617 /* Sources */ = {
			isa = PBXSourcesBuildPhase;
			buildActionMask = 2147483647;
			files = (
				EDDEA4B42869335D00749922 /* TVShowDetailViewController.swift in Sources */,
				EDCD66962868AB3100434A12 /* AppCoordinator.swift in Sources */,
				ED3218322868A3C000A10617 /* ViewController.swift in Sources */,
				EDDEA4B128692B7300749922 /* TVShowsViewModel.swift in Sources */,
				EDDEA49D2868DA6600749922 /* TVShowsEndPoint.swift in Sources */,
				EDCD669F2868AD4B00434A12 /* Embedder.swift in Sources */,
				EDDEA4B82869438400749922 /* Schedule.swift in Sources */,
				EDDEA4BC28695CE900749922 /* Episode.swift in Sources */,
				EDDEA4A92868E91600749922 /* TVShows.swift in Sources */,
				EDDEA4A02868DBEB00749922 /* TVShowsService.swift in Sources */,
				EDDEA4942868D70500749922 /* EndPoint.swift in Sources */,
				EDDEA4B6286935B900749922 /* UIScreen+Sizes.swift in Sources */,
				EDDEA4A52868DD1B00749922 /* ImageObject.swift in Sources */,
				EDDEA49A2868D79100749922 /* HttpError.swift in Sources */,
				EDDEA4A72868E07700749922 /* AppDelegate+Injection.swift in Sources */,
				EDCD669A2868AC0600434A12 /* Coordinator.swift in Sources */,
				EDDEA4AE2868F73000749922 /* TVShowCollectionViewCell.swift in Sources */,
				EDDEA4A32868DCAC00749922 /* TVShow.swift in Sources */,
				ED32182E2868A3C000A10617 /* AppDelegate.swift in Sources */,
				EDDEA4982868D76800749922 /* HttpClient.swift in Sources */,
				EDDEA4BA286952A000749922 /* String+htmlString.swift in Sources */,
				EDCD669D2868AC4E00434A12 /* RootTabBarCoordinator.swift in Sources */,
				ED3218302868A3C000A10617 /* SceneDelegate.swift in Sources */,
				EDDEA4962868D73800749922 /* HttpMethod.swift in Sources */,
				EDCD66A22868ADBA00434A12 /* UIView+Constraints.swift in Sources */,
				EDDEA4AC2868EEB200749922 /* TVShowsViewController.swift in Sources */,
			);
			runOnlyForDeploymentPostprocessing = 0;
		};
		ED32183C2868A3C200A10617 /* Sources */ = {
			isa = PBXSourcesBuildPhase;
			buildActionMask = 2147483647;
			files = (
				ED3218452868A3C200A10617 /* TVShowsTests.swift in Sources */,
			);
			runOnlyForDeploymentPostprocessing = 0;
		};
		ED3218462868A3C200A10617 /* Sources */ = {
			isa = PBXSourcesBuildPhase;
			buildActionMask = 2147483647;
			files = (
				ED32184F2868A3C200A10617 /* TVShowsUITests.swift in Sources */,
				ED3218512868A3C200A10617 /* TVShowsUITestsLaunchTests.swift in Sources */,
			);
			runOnlyForDeploymentPostprocessing = 0;
		};
/* End PBXSourcesBuildPhase section */

/* Begin PBXTargetDependency section */
		ED3218422868A3C200A10617 /* PBXTargetDependency */ = {
			isa = PBXTargetDependency;
			target = ED3218292868A3C000A10617 /* TVShows */;
			targetProxy = ED3218412868A3C200A10617 /* PBXContainerItemProxy */;
		};
		ED32184C2868A3C200A10617 /* PBXTargetDependency */ = {
			isa = PBXTargetDependency;
			target = ED3218292868A3C000A10617 /* TVShows */;
			targetProxy = ED32184B2868A3C200A10617 /* PBXContainerItemProxy */;
		};
/* End PBXTargetDependency section */

/* Begin PBXVariantGroup section */
		ED3218332868A3C000A10617 /* Main.storyboard */ = {
			isa = PBXVariantGroup;
			children = (
				ED3218342868A3C000A10617 /* Base */,
			);
			name = Main.storyboard;
			sourceTree = "<group>";
		};
		ED3218382868A3C200A10617 /* LaunchScreen.storyboard */ = {
			isa = PBXVariantGroup;
			children = (
				ED3218392868A3C200A10617 /* Base */,
			);
			name = LaunchScreen.storyboard;
			sourceTree = "<group>";
		};
/* End PBXVariantGroup section */

/* Begin XCBuildConfiguration section */
		ED3218522868A3C200A10617 /* Debug */ = {
			isa = XCBuildConfiguration;
			buildSettings = {
				ALWAYS_SEARCH_USER_PATHS = NO;
				CLANG_ANALYZER_NONNULL = YES;
				CLANG_ANALYZER_NUMBER_OBJECT_CONVERSION = YES_AGGRESSIVE;
				CLANG_CXX_LANGUAGE_STANDARD = "gnu++17";
				CLANG_ENABLE_MODULES = YES;
				CLANG_ENABLE_OBJC_ARC = YES;
				CLANG_ENABLE_OBJC_WEAK = YES;
				CLANG_WARN_BLOCK_CAPTURE_AUTORELEASING = YES;
				CLANG_WARN_BOOL_CONVERSION = YES;
				CLANG_WARN_COMMA = YES;
				CLANG_WARN_CONSTANT_CONVERSION = YES;
				CLANG_WARN_DEPRECATED_OBJC_IMPLEMENTATIONS = YES;
				CLANG_WARN_DIRECT_OBJC_ISA_USAGE = YES_ERROR;
				CLANG_WARN_DOCUMENTATION_COMMENTS = YES;
				CLANG_WARN_EMPTY_BODY = YES;
				CLANG_WARN_ENUM_CONVERSION = YES;
				CLANG_WARN_INFINITE_RECURSION = YES;
				CLANG_WARN_INT_CONVERSION = YES;
				CLANG_WARN_NON_LITERAL_NULL_CONVERSION = YES;
				CLANG_WARN_OBJC_IMPLICIT_RETAIN_SELF = YES;
				CLANG_WARN_OBJC_LITERAL_CONVERSION = YES;
				CLANG_WARN_OBJC_ROOT_CLASS = YES_ERROR;
				CLANG_WARN_QUOTED_INCLUDE_IN_FRAMEWORK_HEADER = YES;
				CLANG_WARN_RANGE_LOOP_ANALYSIS = YES;
				CLANG_WARN_STRICT_PROTOTYPES = YES;
				CLANG_WARN_SUSPICIOUS_MOVE = YES;
				CLANG_WARN_UNGUARDED_AVAILABILITY = YES_AGGRESSIVE;
				CLANG_WARN_UNREACHABLE_CODE = YES;
				CLANG_WARN__DUPLICATE_METHOD_MATCH = YES;
				COPY_PHASE_STRIP = NO;
				DEBUG_INFORMATION_FORMAT = dwarf;
				ENABLE_STRICT_OBJC_MSGSEND = YES;
				ENABLE_TESTABILITY = YES;
				GCC_C_LANGUAGE_STANDARD = gnu11;
				GCC_DYNAMIC_NO_PIC = NO;
				GCC_NO_COMMON_BLOCKS = YES;
				GCC_OPTIMIZATION_LEVEL = 0;
				GCC_PREPROCESSOR_DEFINITIONS = (
					"DEBUG=1",
					"$(inherited)",
				);
				GCC_WARN_64_TO_32_BIT_CONVERSION = YES;
				GCC_WARN_ABOUT_RETURN_TYPE = YES_ERROR;
				GCC_WARN_UNDECLARED_SELECTOR = YES;
				GCC_WARN_UNINITIALIZED_AUTOS = YES_AGGRESSIVE;
				GCC_WARN_UNUSED_FUNCTION = YES;
				GCC_WARN_UNUSED_VARIABLE = YES;
				IPHONEOS_DEPLOYMENT_TARGET = 15.4;
				MTL_ENABLE_DEBUG_INFO = INCLUDE_SOURCE;
				MTL_FAST_MATH = YES;
				ONLY_ACTIVE_ARCH = YES;
				SDKROOT = iphoneos;
				SWIFT_ACTIVE_COMPILATION_CONDITIONS = DEBUG;
				SWIFT_OPTIMIZATION_LEVEL = "-Onone";
			};
			name = Debug;
		};
		ED3218532868A3C200A10617 /* Release */ = {
			isa = XCBuildConfiguration;
			buildSettings = {
				ALWAYS_SEARCH_USER_PATHS = NO;
				CLANG_ANALYZER_NONNULL = YES;
				CLANG_ANALYZER_NUMBER_OBJECT_CONVERSION = YES_AGGRESSIVE;
				CLANG_CXX_LANGUAGE_STANDARD = "gnu++17";
				CLANG_ENABLE_MODULES = YES;
				CLANG_ENABLE_OBJC_ARC = YES;
				CLANG_ENABLE_OBJC_WEAK = YES;
				CLANG_WARN_BLOCK_CAPTURE_AUTORELEASING = YES;
				CLANG_WARN_BOOL_CONVERSION = YES;
				CLANG_WARN_COMMA = YES;
				CLANG_WARN_CONSTANT_CONVERSION = YES;
				CLANG_WARN_DEPRECATED_OBJC_IMPLEMENTATIONS = YES;
				CLANG_WARN_DIRECT_OBJC_ISA_USAGE = YES_ERROR;
				CLANG_WARN_DOCUMENTATION_COMMENTS = YES;
				CLANG_WARN_EMPTY_BODY = YES;
				CLANG_WARN_ENUM_CONVERSION = YES;
				CLANG_WARN_INFINITE_RECURSION = YES;
				CLANG_WARN_INT_CONVERSION = YES;
				CLANG_WARN_NON_LITERAL_NULL_CONVERSION = YES;
				CLANG_WARN_OBJC_IMPLICIT_RETAIN_SELF = YES;
				CLANG_WARN_OBJC_LITERAL_CONVERSION = YES;
				CLANG_WARN_OBJC_ROOT_CLASS = YES_ERROR;
				CLANG_WARN_QUOTED_INCLUDE_IN_FRAMEWORK_HEADER = YES;
				CLANG_WARN_RANGE_LOOP_ANALYSIS = YES;
				CLANG_WARN_STRICT_PROTOTYPES = YES;
				CLANG_WARN_SUSPICIOUS_MOVE = YES;
				CLANG_WARN_UNGUARDED_AVAILABILITY = YES_AGGRESSIVE;
				CLANG_WARN_UNREACHABLE_CODE = YES;
				CLANG_WARN__DUPLICATE_METHOD_MATCH = YES;
				COPY_PHASE_STRIP = NO;
				DEBUG_INFORMATION_FORMAT = "dwarf-with-dsym";
				ENABLE_NS_ASSERTIONS = NO;
				ENABLE_STRICT_OBJC_MSGSEND = YES;
				GCC_C_LANGUAGE_STANDARD = gnu11;
				GCC_NO_COMMON_BLOCKS = YES;
				GCC_WARN_64_TO_32_BIT_CONVERSION = YES;
				GCC_WARN_ABOUT_RETURN_TYPE = YES_ERROR;
				GCC_WARN_UNDECLARED_SELECTOR = YES;
				GCC_WARN_UNINITIALIZED_AUTOS = YES_AGGRESSIVE;
				GCC_WARN_UNUSED_FUNCTION = YES;
				GCC_WARN_UNUSED_VARIABLE = YES;
				IPHONEOS_DEPLOYMENT_TARGET = 15.4;
				MTL_ENABLE_DEBUG_INFO = NO;
				MTL_FAST_MATH = YES;
				SDKROOT = iphoneos;
				SWIFT_COMPILATION_MODE = wholemodule;
				SWIFT_OPTIMIZATION_LEVEL = "-O";
				VALIDATE_PRODUCT = YES;
			};
			name = Release;
		};
		ED3218552868A3C200A10617 /* Debug */ = {
			isa = XCBuildConfiguration;
			baseConfigurationReference = 238FFBB822022888A5FF63DA /* Pods-TVShows.debug.xcconfig */;
			buildSettings = {
				ASSETCATALOG_COMPILER_APPICON_NAME = AppIcon;
				ASSETCATALOG_COMPILER_GLOBAL_ACCENT_COLOR_NAME = AccentColor;
				CODE_SIGN_STYLE = Automatic;
				CURRENT_PROJECT_VERSION = 1;
				GENERATE_INFOPLIST_FILE = YES;
				INFOPLIST_FILE = TVShows/Info.plist;
				INFOPLIST_KEY_UIApplicationSupportsIndirectInputEvents = YES;
				INFOPLIST_KEY_UILaunchStoryboardName = LaunchScreen;
				INFOPLIST_KEY_UIMainStoryboardFile = Main;
				INFOPLIST_KEY_UISupportedInterfaceOrientations_iPad = "UIInterfaceOrientationPortrait UIInterfaceOrientationPortraitUpsideDown UIInterfaceOrientationLandscapeLeft UIInterfaceOrientationLandscapeRight";
				INFOPLIST_KEY_UISupportedInterfaceOrientations_iPhone = "UIInterfaceOrientationPortrait UIInterfaceOrientationLandscapeLeft UIInterfaceOrientationLandscapeRight";
				LD_RUNPATH_SEARCH_PATHS = (
					"$(inherited)",
					"@executable_path/Frameworks",
				);
				MARKETING_VERSION = 1.0;
				PRODUCT_BUNDLE_IDENTIFIER = com.org.challenge.TVShows;
				PRODUCT_NAME = "$(TARGET_NAME)";
				SWIFT_EMIT_LOC_STRINGS = YES;
				SWIFT_VERSION = 5.0;
				TARGETED_DEVICE_FAMILY = "1,2";
			};
			name = Debug;
		};
		ED3218562868A3C200A10617 /* Release */ = {
			isa = XCBuildConfiguration;
			baseConfigurationReference = FD6AA44C60FBC2690409EFA5 /* Pods-TVShows.release.xcconfig */;
			buildSettings = {
				ASSETCATALOG_COMPILER_APPICON_NAME = AppIcon;
				ASSETCATALOG_COMPILER_GLOBAL_ACCENT_COLOR_NAME = AccentColor;
				CODE_SIGN_STYLE = Automatic;
				CURRENT_PROJECT_VERSION = 1;
				GENERATE_INFOPLIST_FILE = YES;
				INFOPLIST_FILE = TVShows/Info.plist;
				INFOPLIST_KEY_UIApplicationSupportsIndirectInputEvents = YES;
				INFOPLIST_KEY_UILaunchStoryboardName = LaunchScreen;
				INFOPLIST_KEY_UIMainStoryboardFile = Main;
				INFOPLIST_KEY_UISupportedInterfaceOrientations_iPad = "UIInterfaceOrientationPortrait UIInterfaceOrientationPortraitUpsideDown UIInterfaceOrientationLandscapeLeft UIInterfaceOrientationLandscapeRight";
				INFOPLIST_KEY_UISupportedInterfaceOrientations_iPhone = "UIInterfaceOrientationPortrait UIInterfaceOrientationLandscapeLeft UIInterfaceOrientationLandscapeRight";
				LD_RUNPATH_SEARCH_PATHS = (
					"$(inherited)",
					"@executable_path/Frameworks",
				);
				MARKETING_VERSION = 1.0;
				PRODUCT_BUNDLE_IDENTIFIER = com.org.challenge.TVShows;
				PRODUCT_NAME = "$(TARGET_NAME)";
				SWIFT_EMIT_LOC_STRINGS = YES;
				SWIFT_VERSION = 5.0;
				TARGETED_DEVICE_FAMILY = "1,2";
			};
			name = Release;
		};
		ED3218582868A3C200A10617 /* Debug */ = {
			isa = XCBuildConfiguration;
			baseConfigurationReference = E60222B35DC7D386C3E065B8 /* Pods-TVShowsTests.debug.xcconfig */;
			buildSettings = {
				ALWAYS_EMBED_SWIFT_STANDARD_LIBRARIES = YES;
				BUNDLE_LOADER = "$(TEST_HOST)";
				CODE_SIGN_STYLE = Automatic;
				CURRENT_PROJECT_VERSION = 1;
				GENERATE_INFOPLIST_FILE = YES;
				IPHONEOS_DEPLOYMENT_TARGET = 15.4;
				MARKETING_VERSION = 1.0;
				PRODUCT_BUNDLE_IDENTIFIER = com.org.challenge.TVShowsTests;
				PRODUCT_NAME = "$(TARGET_NAME)";
				SWIFT_EMIT_LOC_STRINGS = NO;
				SWIFT_VERSION = 5.0;
				TARGETED_DEVICE_FAMILY = "1,2";
				TEST_HOST = "$(BUILT_PRODUCTS_DIR)/TVShows.app/TVShows";
			};
			name = Debug;
		};
		ED3218592868A3C200A10617 /* Release */ = {
			isa = XCBuildConfiguration;
			baseConfigurationReference = D27E4E486362D251414A8E3E /* Pods-TVShowsTests.release.xcconfig */;
			buildSettings = {
				ALWAYS_EMBED_SWIFT_STANDARD_LIBRARIES = YES;
				BUNDLE_LOADER = "$(TEST_HOST)";
				CODE_SIGN_STYLE = Automatic;
				CURRENT_PROJECT_VERSION = 1;
				GENERATE_INFOPLIST_FILE = YES;
				IPHONEOS_DEPLOYMENT_TARGET = 15.4;
				MARKETING_VERSION = 1.0;
				PRODUCT_BUNDLE_IDENTIFIER = com.org.challenge.TVShowsTests;
				PRODUCT_NAME = "$(TARGET_NAME)";
				SWIFT_EMIT_LOC_STRINGS = NO;
				SWIFT_VERSION = 5.0;
				TARGETED_DEVICE_FAMILY = "1,2";
				TEST_HOST = "$(BUILT_PRODUCTS_DIR)/TVShows.app/TVShows";
			};
			name = Release;
		};
		ED32185B2868A3C200A10617 /* Debug */ = {
			isa = XCBuildConfiguration;
			baseConfigurationReference = 91BFB277E1C5ECC4C7A61FC7 /* Pods-TVShows-TVShowsUITests.debug.xcconfig */;
			buildSettings = {
				ALWAYS_EMBED_SWIFT_STANDARD_LIBRARIES = YES;
				CODE_SIGN_STYLE = Automatic;
				CURRENT_PROJECT_VERSION = 1;
				GENERATE_INFOPLIST_FILE = YES;
				MARKETING_VERSION = 1.0;
				PRODUCT_BUNDLE_IDENTIFIER = com.org.challenge.TVShowsUITests;
				PRODUCT_NAME = "$(TARGET_NAME)";
				SWIFT_EMIT_LOC_STRINGS = NO;
				SWIFT_VERSION = 5.0;
				TARGETED_DEVICE_FAMILY = "1,2";
				TEST_TARGET_NAME = TVShows;
			};
			name = Debug;
		};
		ED32185C2868A3C200A10617 /* Release */ = {
			isa = XCBuildConfiguration;
			baseConfigurationReference = 30BDBBE9C378E245B6DE14AA /* Pods-TVShows-TVShowsUITests.release.xcconfig */;
			buildSettings = {
				ALWAYS_EMBED_SWIFT_STANDARD_LIBRARIES = YES;
				CODE_SIGN_STYLE = Automatic;
				CURRENT_PROJECT_VERSION = 1;
				GENERATE_INFOPLIST_FILE = YES;
				MARKETING_VERSION = 1.0;
				PRODUCT_BUNDLE_IDENTIFIER = com.org.challenge.TVShowsUITests;
				PRODUCT_NAME = "$(TARGET_NAME)";
				SWIFT_EMIT_LOC_STRINGS = NO;
				SWIFT_VERSION = 5.0;
				TARGETED_DEVICE_FAMILY = "1,2";
				TEST_TARGET_NAME = TVShows;
			};
			name = Release;
		};
/* End XCBuildConfiguration section */

/* Begin XCConfigurationList section */
		ED3218252868A3C000A10617 /* Build configuration list for PBXProject "TVShows" */ = {
			isa = XCConfigurationList;
			buildConfigurations = (
				ED3218522868A3C200A10617 /* Debug */,
				ED3218532868A3C200A10617 /* Release */,
			);
			defaultConfigurationIsVisible = 0;
			defaultConfigurationName = Release;
		};
		ED3218542868A3C200A10617 /* Build configuration list for PBXNativeTarget "TVShows" */ = {
			isa = XCConfigurationList;
			buildConfigurations = (
				ED3218552868A3C200A10617 /* Debug */,
				ED3218562868A3C200A10617 /* Release */,
			);
			defaultConfigurationIsVisible = 0;
			defaultConfigurationName = Release;
		};
		ED3218572868A3C200A10617 /* Build configuration list for PBXNativeTarget "TVShowsTests" */ = {
			isa = XCConfigurationList;
			buildConfigurations = (
				ED3218582868A3C200A10617 /* Debug */,
				ED3218592868A3C200A10617 /* Release */,
			);
			defaultConfigurationIsVisible = 0;
			defaultConfigurationName = Release;
		};
		ED32185A2868A3C200A10617 /* Build configuration list for PBXNativeTarget "TVShowsUITests" */ = {
			isa = XCConfigurationList;
			buildConfigurations = (
				ED32185B2868A3C200A10617 /* Debug */,
				ED32185C2868A3C200A10617 /* Release */,
			);
			defaultConfigurationIsVisible = 0;
			defaultConfigurationName = Release;
		};
/* End XCConfigurationList section */
	};
	rootObject = ED3218222868A3C000A10617 /* Project object */;
}
